<?xml version="1.0" encoding="UTF-8"?>
<!DOCTYPE plist PUBLIC "-//Apple//DTD PLIST 1.0//EN" "http://www.apple.com/DTDs/PropertyList-1.0.dtd">
<plist version="1.0">
<dict>
	<key>archiveVersion</key>
	<string>1</string>
	<key>classes</key>
	<dict/>
	<key>objectVersion</key>
	<string>46</string>
	<key>objects</key>
	<dict>
		<key>1347FA598E24684A41D7FA57</key>
		<dict>
			<key>buildActionMask</key>
			<string>2147483647</string>
			<key>files</key>
			<array/>
			<key>inputPaths</key>
			<array/>
			<key>isa</key>
			<string>PBXShellScriptBuildPhase</string>
			<key>name</key>
			<string>Copy Pods Resources</string>
			<key>outputPaths</key>
			<array/>
			<key>runOnlyForDeploymentPostprocessing</key>
			<string>0</string>
			<key>shellPath</key>
			<string>/bin/sh</string>
			<key>shellScript</key>
			<string>"${SRCROOT}/Pods/Target Support Files/Pods/Pods-resources.sh"
</string>
			<key>showEnvVarsInLog</key>
			<string>0</string>
		</dict>
		<key>17339674C95DBA9BE59026F9</key>
		<dict>
			<key>buildActionMask</key>
			<string>2147483647</string>
			<key>files</key>
			<array/>
			<key>inputPaths</key>
			<array/>
			<key>isa</key>
			<string>PBXShellScriptBuildPhase</string>
			<key>name</key>
			<string>Embed Pods Frameworks</string>
			<key>outputPaths</key>
			<array/>
			<key>runOnlyForDeploymentPostprocessing</key>
			<string>0</string>
			<key>shellPath</key>
			<string>/bin/sh</string>
			<key>shellScript</key>
			<string>"${SRCROOT}/Pods/Target Support Files/Pods/Pods-frameworks.sh"
</string>
			<key>showEnvVarsInLog</key>
			<string>0</string>
		</dict>
		<key>62F4E169D2AC85BE266C3C3A</key>
		<dict>
			<key>children</key>
			<array>
				<string>EE00CDA4ACFB5E660FB1F0E8</string>
			</array>
			<key>isa</key>
			<string>PBXGroup</string>
			<key>name</key>
			<string>Frameworks</string>
			<key>sourceTree</key>
			<string>&lt;group&gt;</string>
		</dict>
		<key>654CA3F5FD21D8BFCB9200FE</key>
		<dict>
			<key>includeInIndex</key>
			<string>1</string>
			<key>isa</key>
			<string>PBXFileReference</string>
			<key>lastKnownFileType</key>
			<string>text.xcconfig</string>
			<key>name</key>
			<string>Pods.release.xcconfig</string>
			<key>path</key>
			<string>Pods/Target Support Files/Pods/Pods.release.xcconfig</string>
			<key>sourceTree</key>
			<string>&lt;group&gt;</string>
		</dict>
		<key>8B44F4C416E31651F64CC1E3</key>
		<dict>
			<key>buildActionMask</key>
			<string>2147483647</string>
			<key>files</key>
			<array/>
			<key>inputPaths</key>
			<array/>
			<key>isa</key>
			<string>PBXShellScriptBuildPhase</string>
			<key>name</key>
			<string>Check Pods Manifest.lock</string>
			<key>outputPaths</key>
			<array/>
			<key>runOnlyForDeploymentPostprocessing</key>
			<string>0</string>
			<key>shellPath</key>
			<string>/bin/sh</string>
			<key>shellScript</key>
			<string>diff "${PODS_ROOT}/../Podfile.lock" "${PODS_ROOT}/Manifest.lock" &gt; /dev/null
if [[ $? != 0 ]] ; then
    cat &lt;&lt; EOM
error: The sandbox is not in sync with the Podfile.lock. Run 'pod install' or update your CocoaPods installation.
EOM
    exit 1
fi
</string>
			<key>showEnvVarsInLog</key>
			<string>0</string>
		</dict>
		<key>9C0342208FD3E4945C5842FF</key>
		<dict>
			<key>includeInIndex</key>
			<string>1</string>
			<key>isa</key>
			<string>PBXFileReference</string>
			<key>lastKnownFileType</key>
			<string>text.xcconfig</string>
			<key>name</key>
			<string>Pods.debug.xcconfig</string>
			<key>path</key>
			<string>Pods/Target Support Files/Pods/Pods.debug.xcconfig</string>
			<key>sourceTree</key>
			<string>&lt;group&gt;</string>
		</dict>
		<key>9CDE1E9A3DFA7B24E14C0FBB</key>
		<dict>
			<key>fileRef</key>
			<string>EE00CDA4ACFB5E660FB1F0E8</string>
			<key>isa</key>
			<string>PBXBuildFile</string>
		</dict>
		<key>BA2D99CCD133A2CFAF93E3AA</key>
		<dict>
			<key>children</key>
			<array>
				<string>9C0342208FD3E4945C5842FF</string>
				<string>654CA3F5FD21D8BFCB9200FE</string>
			</array>
			<key>isa</key>
			<string>PBXGroup</string>
			<key>name</key>
			<string>Pods</string>
			<key>sourceTree</key>
			<string>&lt;group&gt;</string>
		</dict>
		<key>E01373581CD06BD30052E6AA</key>
		<dict>
			<key>children</key>
			<array>
				<string>E01373631CD06BD30052E6AA</string>
				<string>E01373801CD06BD30052E6AA</string>
				<string>E013738B1CD06BD30052E6AA</string>
				<string>E01373621CD06BD30052E6AA</string>
				<string>BA2D99CCD133A2CFAF93E3AA</string>
				<string>62F4E169D2AC85BE266C3C3A</string>
			</array>
			<key>isa</key>
			<string>PBXGroup</string>
			<key>sourceTree</key>
			<string>&lt;group&gt;</string>
		</dict>
		<key>E01373591CD06BD30052E6AA</key>
		<dict>
			<key>attributes</key>
			<dict>
				<key>LastUpgradeCheck</key>
				<string>0730</string>
				<key>ORGANIZATIONNAME</key>
				<string>MADAO</string>
				<key>TargetAttributes</key>
				<dict>
					<key>E01373601CD06BD30052E6AA</key>
					<dict>
						<key>CreatedOnToolsVersion</key>
						<string>7.3</string>
					</dict>
					<key>E013737C1CD06BD30052E6AA</key>
					<dict>
						<key>CreatedOnToolsVersion</key>
						<string>7.3</string>
						<key>TestTargetID</key>
						<string>E01373601CD06BD30052E6AA</string>
					</dict>
					<key>E01373871CD06BD30052E6AA</key>
					<dict>
						<key>CreatedOnToolsVersion</key>
						<string>7.3</string>
						<key>TestTargetID</key>
						<string>E01373601CD06BD30052E6AA</string>
					</dict>
				</dict>
			</dict>
			<key>buildConfigurationList</key>
			<string>E013735C1CD06BD30052E6AA</string>
			<key>compatibilityVersion</key>
			<string>Xcode 3.2</string>
			<key>developmentRegion</key>
			<string>English</string>
			<key>hasScannedForEncodings</key>
			<string>0</string>
			<key>isa</key>
			<string>PBXProject</string>
			<key>knownRegions</key>
			<array>
				<string>en</string>
				<string>Base</string>
			</array>
			<key>mainGroup</key>
			<string>E01373581CD06BD30052E6AA</string>
			<key>productRefGroup</key>
			<string>E01373621CD06BD30052E6AA</string>
			<key>projectDirPath</key>
			<string></string>
			<key>projectReferences</key>
			<array/>
			<key>projectRoot</key>
			<string></string>
			<key>targets</key>
			<array>
				<string>E01373601CD06BD30052E6AA</string>
				<string>E013737C1CD06BD30052E6AA</string>
				<string>E01373871CD06BD30052E6AA</string>
			</array>
		</dict>
		<key>E013735C1CD06BD30052E6AA</key>
		<dict>
			<key>buildConfigurations</key>
			<array>
				<string>E013738F1CD06BD30052E6AA</string>
				<string>E01373901CD06BD30052E6AA</string>
			</array>
			<key>defaultConfigurationIsVisible</key>
			<string>0</string>
			<key>defaultConfigurationName</key>
			<string>Release</string>
			<key>isa</key>
			<string>XCConfigurationList</string>
		</dict>
		<key>E013735D1CD06BD30052E6AA</key>
		<dict>
			<key>buildActionMask</key>
			<string>2147483647</string>
			<key>files</key>
			<array>
				<string>E013736C1CD06BD30052E6AA</string>
				<string>E052DC0A1CD8856300C8C175</string>
				<string>E013739F1CD06C0C0052E6AA</string>
				<string>E01373721CD06BD30052E6AA</string>
				<string>E01373691CD06BD30052E6AA</string>
				<string>E01373661CD06BD30052E6AA</string>
				<string>E01373B11CD0934B0052E6AA</string>
				<string>E01373A31CD06C3B0052E6AA</string>
				<string>E013739C1CD06BFF0052E6AA</string>
				<string>E01373B41CD0C3320052E6AA</string>
			</array>
			<key>isa</key>
			<string>PBXSourcesBuildPhase</string>
			<key>runOnlyForDeploymentPostprocessing</key>
			<string>0</string>
		</dict>
		<key>E013735E1CD06BD30052E6AA</key>
		<dict>
			<key>buildActionMask</key>
			<string>2147483647</string>
			<key>files</key>
			<array>
				<string>9CDE1E9A3DFA7B24E14C0FBB</string>
			</array>
			<key>isa</key>
			<string>PBXFrameworksBuildPhase</string>
			<key>runOnlyForDeploymentPostprocessing</key>
			<string>0</string>
		</dict>
		<key>E013735F1CD06BD30052E6AA</key>
		<dict>
			<key>buildActionMask</key>
			<string>2147483647</string>
			<key>files</key>
			<array>
				<string>E01373771CD06BD30052E6AA</string>
				<string>E01373741CD06BD30052E6AA</string>
				<string>E013736F1CD06BD30052E6AA</string>
			</array>
			<key>isa</key>
			<string>PBXResourcesBuildPhase</string>
			<key>runOnlyForDeploymentPostprocessing</key>
			<string>0</string>
		</dict>
		<key>E01373601CD06BD30052E6AA</key>
		<dict>
			<key>buildConfigurationList</key>
			<string>E01373911CD06BD30052E6AA</string>
			<key>buildPhases</key>
			<array>
				<string>8B44F4C416E31651F64CC1E3</string>
				<string>E013735D1CD06BD30052E6AA</string>
				<string>E013735E1CD06BD30052E6AA</string>
				<string>E013735F1CD06BD30052E6AA</string>
				<string>17339674C95DBA9BE59026F9</string>
				<string>1347FA598E24684A41D7FA57</string>
			</array>
			<key>buildRules</key>
			<array/>
			<key>dependencies</key>
			<array/>
			<key>isa</key>
			<string>PBXNativeTarget</string>
			<key>name</key>
			<string>DevelopToolBox</string>
			<key>productName</key>
			<string>DevelopToolBox</string>
			<key>productReference</key>
			<string>E01373611CD06BD30052E6AA</string>
			<key>productType</key>
			<string>com.apple.product-type.application</string>
		</dict>
		<key>E01373611CD06BD30052E6AA</key>
		<dict>
			<key>explicitFileType</key>
			<string>wrapper.application</string>
			<key>includeInIndex</key>
			<string>0</string>
			<key>isa</key>
			<string>PBXFileReference</string>
			<key>path</key>
			<string>DevelopToolBox.app</string>
			<key>sourceTree</key>
			<string>BUILT_PRODUCTS_DIR</string>
		</dict>
		<key>E01373621CD06BD30052E6AA</key>
		<dict>
			<key>children</key>
			<array>
				<string>E01373611CD06BD30052E6AA</string>
				<string>E013737D1CD06BD30052E6AA</string>
				<string>E01373881CD06BD30052E6AA</string>
			</array>
			<key>isa</key>
			<string>PBXGroup</string>
			<key>name</key>
			<string>Products</string>
			<key>sourceTree</key>
			<string>&lt;group&gt;</string>
		</dict>
		<key>E01373631CD06BD30052E6AA</key>
		<dict>
			<key>children</key>
			<array>
				<string>E01373AE1CD08C6B0052E6AA</string>
				<string>E01373A61CD06C540052E6AA</string>
				<string>E01373A01CD06C150052E6AA</string>
				<string>E01373671CD06BD30052E6AA</string>
				<string>E01373681CD06BD30052E6AA</string>
				<string>E013736A1CD06BD30052E6AA</string>
				<string>E013736B1CD06BD30052E6AA</string>
				<string>E01373731CD06BD30052E6AA</string>
				<string>E01373751CD06BD30052E6AA</string>
				<string>E01373781CD06BD30052E6AA</string>
				<string>E01373701CD06BD30052E6AA</string>
				<string>E01373641CD06BD30052E6AA</string>
			</array>
			<key>isa</key>
			<string>PBXGroup</string>
			<key>path</key>
			<string>DevelopToolBox</string>
			<key>sourceTree</key>
			<string>&lt;group&gt;</string>
		</dict>
		<key>E01373641CD06BD30052E6AA</key>
		<dict>
			<key>children</key>
			<array>
				<string>E013736D1CD06BD30052E6AA</string>
				<string>E01373651CD06BD30052E6AA</string>
			</array>
			<key>isa</key>
			<string>PBXGroup</string>
			<key>name</key>
			<string>Supporting Files</string>
			<key>sourceTree</key>
			<string>&lt;group&gt;</string>
		</dict>
		<key>E01373651CD06BD30052E6AA</key>
		<dict>
			<key>isa</key>
			<string>PBXFileReference</string>
			<key>lastKnownFileType</key>
			<string>sourcecode.c.objc</string>
			<key>path</key>
			<string>main.m</string>
			<key>sourceTree</key>
			<string>&lt;group&gt;</string>
		</dict>
		<key>E01373661CD06BD30052E6AA</key>
		<dict>
			<key>fileRef</key>
			<string>E01373651CD06BD30052E6AA</string>
			<key>isa</key>
			<string>PBXBuildFile</string>
		</dict>
		<key>E01373671CD06BD30052E6AA</key>
		<dict>
			<key>isa</key>
			<string>PBXFileReference</string>
			<key>lastKnownFileType</key>
			<string>sourcecode.c.h</string>
			<key>path</key>
			<string>AppDelegate.h</string>
			<key>sourceTree</key>
			<string>&lt;group&gt;</string>
		</dict>
		<key>E01373681CD06BD30052E6AA</key>
		<dict>
			<key>isa</key>
			<string>PBXFileReference</string>
			<key>lastKnownFileType</key>
			<string>sourcecode.c.objc</string>
			<key>path</key>
			<string>AppDelegate.m</string>
			<key>sourceTree</key>
			<string>&lt;group&gt;</string>
		</dict>
		<key>E01373691CD06BD30052E6AA</key>
		<dict>
			<key>fileRef</key>
			<string>E01373681CD06BD30052E6AA</string>
			<key>isa</key>
			<string>PBXBuildFile</string>
		</dict>
		<key>E013736A1CD06BD30052E6AA</key>
		<dict>
			<key>isa</key>
			<string>PBXFileReference</string>
			<key>lastKnownFileType</key>
			<string>sourcecode.c.h</string>
			<key>path</key>
			<string>ViewController.h</string>
			<key>sourceTree</key>
			<string>&lt;group&gt;</string>
		</dict>
		<key>E013736B1CD06BD30052E6AA</key>
		<dict>
			<key>isa</key>
			<string>PBXFileReference</string>
			<key>lastKnownFileType</key>
			<string>sourcecode.c.objc</string>
			<key>path</key>
			<string>ViewController.m</string>
			<key>sourceTree</key>
			<string>&lt;group&gt;</string>
		</dict>
		<key>E013736C1CD06BD30052E6AA</key>
		<dict>
			<key>fileRef</key>
			<string>E013736B1CD06BD30052E6AA</string>
			<key>isa</key>
			<string>PBXBuildFile</string>
		</dict>
		<key>E013736D1CD06BD30052E6AA</key>
		<dict>
			<key>children</key>
			<array>
				<string>E013736E1CD06BD30052E6AA</string>
			</array>
			<key>isa</key>
			<string>PBXVariantGroup</string>
			<key>name</key>
			<string>Main.storyboard</string>
			<key>sourceTree</key>
			<string>&lt;group&gt;</string>
		</dict>
		<key>E013736E1CD06BD30052E6AA</key>
		<dict>
			<key>isa</key>
			<string>PBXFileReference</string>
			<key>lastKnownFileType</key>
			<string>file.storyboard</string>
			<key>name</key>
			<string>Base</string>
			<key>path</key>
			<string>Base.lproj/Main.storyboard</string>
			<key>sourceTree</key>
			<string>&lt;group&gt;</string>
		</dict>
		<key>E013736F1CD06BD30052E6AA</key>
		<dict>
			<key>fileRef</key>
			<string>E013736D1CD06BD30052E6AA</string>
			<key>isa</key>
			<string>PBXBuildFile</string>
		</dict>
		<key>E01373701CD06BD30052E6AA</key>
		<dict>
			<key>children</key>
			<array>
				<string>E01373711CD06BD30052E6AA</string>
			</array>
			<key>currentVersion</key>
			<string>E01373711CD06BD30052E6AA</string>
			<key>isa</key>
			<string>XCVersionGroup</string>
			<key>path</key>
			<string>DevelopToolBox.xcdatamodeld</string>
			<key>sourceTree</key>
			<string>&lt;group&gt;</string>
			<key>versionGroupType</key>
			<string>wrapper.xcdatamodel</string>
		</dict>
		<key>E01373711CD06BD30052E6AA</key>
		<dict>
			<key>isa</key>
			<string>PBXFileReference</string>
			<key>lastKnownFileType</key>
			<string>wrapper.xcdatamodel</string>
			<key>path</key>
			<string>DevelopToolBox.xcdatamodel</string>
			<key>sourceTree</key>
			<string>&lt;group&gt;</string>
		</dict>
		<key>E01373721CD06BD30052E6AA</key>
		<dict>
			<key>fileRef</key>
			<string>E01373701CD06BD30052E6AA</string>
			<key>isa</key>
			<string>PBXBuildFile</string>
		</dict>
		<key>E01373731CD06BD30052E6AA</key>
		<dict>
			<key>isa</key>
			<string>PBXFileReference</string>
			<key>lastKnownFileType</key>
			<string>folder.assetcatalog</string>
			<key>path</key>
			<string>Assets.xcassets</string>
			<key>sourceTree</key>
			<string>&lt;group&gt;</string>
		</dict>
		<key>E01373741CD06BD30052E6AA</key>
		<dict>
			<key>fileRef</key>
			<string>E01373731CD06BD30052E6AA</string>
			<key>isa</key>
			<string>PBXBuildFile</string>
		</dict>
		<key>E01373751CD06BD30052E6AA</key>
		<dict>
			<key>children</key>
			<array>
				<string>E01373761CD06BD30052E6AA</string>
			</array>
			<key>isa</key>
			<string>PBXVariantGroup</string>
			<key>name</key>
			<string>LaunchScreen.storyboard</string>
			<key>sourceTree</key>
			<string>&lt;group&gt;</string>
		</dict>
		<key>E01373761CD06BD30052E6AA</key>
		<dict>
			<key>isa</key>
			<string>PBXFileReference</string>
			<key>lastKnownFileType</key>
			<string>file.storyboard</string>
			<key>name</key>
			<string>Base</string>
			<key>path</key>
			<string>Base.lproj/LaunchScreen.storyboard</string>
			<key>sourceTree</key>
			<string>&lt;group&gt;</string>
		</dict>
		<key>E01373771CD06BD30052E6AA</key>
		<dict>
			<key>fileRef</key>
			<string>E01373751CD06BD30052E6AA</string>
			<key>isa</key>
			<string>PBXBuildFile</string>
		</dict>
		<key>E01373781CD06BD30052E6AA</key>
		<dict>
			<key>isa</key>
			<string>PBXFileReference</string>
			<key>lastKnownFileType</key>
			<string>text.plist.xml</string>
			<key>path</key>
			<string>Info.plist</string>
			<key>sourceTree</key>
			<string>&lt;group&gt;</string>
		</dict>
		<key>E01373791CD06BD30052E6AA</key>
		<dict>
			<key>buildActionMask</key>
			<string>2147483647</string>
			<key>files</key>
			<array>
				<string>E01373821CD06BD30052E6AA</string>
			</array>
			<key>isa</key>
			<string>PBXSourcesBuildPhase</string>
			<key>runOnlyForDeploymentPostprocessing</key>
			<string>0</string>
		</dict>
		<key>E013737A1CD06BD30052E6AA</key>
		<dict>
			<key>buildActionMask</key>
			<string>2147483647</string>
			<key>files</key>
			<array/>
			<key>isa</key>
			<string>PBXFrameworksBuildPhase</string>
			<key>runOnlyForDeploymentPostprocessing</key>
			<string>0</string>
		</dict>
		<key>E013737B1CD06BD30052E6AA</key>
		<dict>
			<key>buildActionMask</key>
			<string>2147483647</string>
			<key>files</key>
			<array/>
			<key>isa</key>
			<string>PBXResourcesBuildPhase</string>
			<key>runOnlyForDeploymentPostprocessing</key>
			<string>0</string>
		</dict>
		<key>E013737C1CD06BD30052E6AA</key>
		<dict>
			<key>buildConfigurationList</key>
			<string>E01373941CD06BD30052E6AA</string>
			<key>buildPhases</key>
			<array>
				<string>E01373791CD06BD30052E6AA</string>
				<string>E013737A1CD06BD30052E6AA</string>
				<string>E013737B1CD06BD30052E6AA</string>
			</array>
			<key>buildRules</key>
			<array/>
			<key>dependencies</key>
			<array>
				<string>E013737F1CD06BD30052E6AA</string>
			</array>
			<key>isa</key>
			<string>PBXNativeTarget</string>
			<key>name</key>
			<string>DevelopToolBoxTests</string>
			<key>productName</key>
			<string>DevelopToolBoxTests</string>
			<key>productReference</key>
			<string>E013737D1CD06BD30052E6AA</string>
			<key>productType</key>
			<string>com.apple.product-type.bundle.unit-test</string>
		</dict>
		<key>E013737D1CD06BD30052E6AA</key>
		<dict>
			<key>explicitFileType</key>
			<string>wrapper.cfbundle</string>
			<key>includeInIndex</key>
			<string>0</string>
			<key>isa</key>
			<string>PBXFileReference</string>
			<key>path</key>
			<string>DevelopToolBoxTests.xctest</string>
			<key>sourceTree</key>
			<string>BUILT_PRODUCTS_DIR</string>
		</dict>
		<key>E013737E1CD06BD30052E6AA</key>
		<dict>
			<key>containerPortal</key>
			<string>E01373591CD06BD30052E6AA</string>
			<key>isa</key>
			<string>PBXContainerItemProxy</string>
			<key>proxyType</key>
			<string>1</string>
			<key>remoteGlobalIDString</key>
			<string>E01373601CD06BD30052E6AA</string>
			<key>remoteInfo</key>
			<string>DevelopToolBox</string>
		</dict>
		<key>E013737F1CD06BD30052E6AA</key>
		<dict>
			<key>isa</key>
			<string>PBXTargetDependency</string>
			<key>target</key>
			<string>E01373601CD06BD30052E6AA</string>
			<key>targetProxy</key>
			<string>E013737E1CD06BD30052E6AA</string>
		</dict>
		<key>E01373801CD06BD30052E6AA</key>
		<dict>
			<key>children</key>
			<array>
				<string>E01373811CD06BD30052E6AA</string>
				<string>E01373831CD06BD30052E6AA</string>
			</array>
			<key>isa</key>
			<string>PBXGroup</string>
			<key>path</key>
			<string>DevelopToolBoxTests</string>
			<key>sourceTree</key>
			<string>&lt;group&gt;</string>
		</dict>
		<key>E01373811CD06BD30052E6AA</key>
		<dict>
			<key>isa</key>
			<string>PBXFileReference</string>
			<key>lastKnownFileType</key>
			<string>sourcecode.c.objc</string>
			<key>path</key>
			<string>DevelopToolBoxTests.m</string>
			<key>sourceTree</key>
			<string>&lt;group&gt;</string>
		</dict>
		<key>E01373821CD06BD30052E6AA</key>
		<dict>
			<key>fileRef</key>
			<string>E01373811CD06BD30052E6AA</string>
			<key>isa</key>
			<string>PBXBuildFile</string>
		</dict>
		<key>E01373831CD06BD30052E6AA</key>
		<dict>
			<key>isa</key>
			<string>PBXFileReference</string>
			<key>lastKnownFileType</key>
			<string>text.plist.xml</string>
			<key>path</key>
			<string>Info.plist</string>
			<key>sourceTree</key>
			<string>&lt;group&gt;</string>
		</dict>
		<key>E01373841CD06BD30052E6AA</key>
		<dict>
			<key>buildActionMask</key>
			<string>2147483647</string>
			<key>files</key>
			<array>
				<string>E013738D1CD06BD30052E6AA</string>
			</array>
			<key>isa</key>
			<string>PBXSourcesBuildPhase</string>
			<key>runOnlyForDeploymentPostprocessing</key>
			<string>0</string>
		</dict>
		<key>E01373851CD06BD30052E6AA</key>
		<dict>
			<key>buildActionMask</key>
			<string>2147483647</string>
			<key>files</key>
			<array/>
			<key>isa</key>
			<string>PBXFrameworksBuildPhase</string>
			<key>runOnlyForDeploymentPostprocessing</key>
			<string>0</string>
		</dict>
		<key>E01373861CD06BD30052E6AA</key>
		<dict>
			<key>buildActionMask</key>
			<string>2147483647</string>
			<key>files</key>
			<array/>
			<key>isa</key>
			<string>PBXResourcesBuildPhase</string>
			<key>runOnlyForDeploymentPostprocessing</key>
			<string>0</string>
		</dict>
		<key>E01373871CD06BD30052E6AA</key>
		<dict>
			<key>buildConfigurationList</key>
			<string>E01373971CD06BD30052E6AA</string>
			<key>buildPhases</key>
			<array>
				<string>E01373841CD06BD30052E6AA</string>
				<string>E01373851CD06BD30052E6AA</string>
				<string>E01373861CD06BD30052E6AA</string>
			</array>
			<key>buildRules</key>
			<array/>
			<key>dependencies</key>
			<array>
				<string>E013738A1CD06BD30052E6AA</string>
			</array>
			<key>isa</key>
			<string>PBXNativeTarget</string>
			<key>name</key>
			<string>DevelopToolBoxUITests</string>
			<key>productName</key>
			<string>DevelopToolBoxUITests</string>
			<key>productReference</key>
			<string>E01373881CD06BD30052E6AA</string>
			<key>productType</key>
			<string>com.apple.product-type.bundle.ui-testing</string>
		</dict>
		<key>E01373881CD06BD30052E6AA</key>
		<dict>
			<key>explicitFileType</key>
			<string>wrapper.cfbundle</string>
			<key>includeInIndex</key>
			<string>0</string>
			<key>isa</key>
			<string>PBXFileReference</string>
			<key>path</key>
			<string>DevelopToolBoxUITests.xctest</string>
			<key>sourceTree</key>
			<string>BUILT_PRODUCTS_DIR</string>
		</dict>
		<key>E01373891CD06BD30052E6AA</key>
		<dict>
			<key>containerPortal</key>
			<string>E01373591CD06BD30052E6AA</string>
			<key>isa</key>
			<string>PBXContainerItemProxy</string>
			<key>proxyType</key>
			<string>1</string>
			<key>remoteGlobalIDString</key>
			<string>E01373601CD06BD30052E6AA</string>
			<key>remoteInfo</key>
			<string>DevelopToolBox</string>
		</dict>
		<key>E013738A1CD06BD30052E6AA</key>
		<dict>
			<key>isa</key>
			<string>PBXTargetDependency</string>
			<key>target</key>
			<string>E01373601CD06BD30052E6AA</string>
			<key>targetProxy</key>
			<string>E01373891CD06BD30052E6AA</string>
		</dict>
		<key>E013738B1CD06BD30052E6AA</key>
		<dict>
			<key>children</key>
			<array>
				<string>E013738C1CD06BD30052E6AA</string>
				<string>E013738E1CD06BD30052E6AA</string>
			</array>
			<key>isa</key>
			<string>PBXGroup</string>
			<key>path</key>
			<string>DevelopToolBoxUITests</string>
			<key>sourceTree</key>
			<string>&lt;group&gt;</string>
		</dict>
		<key>E013738C1CD06BD30052E6AA</key>
		<dict>
			<key>isa</key>
			<string>PBXFileReference</string>
			<key>lastKnownFileType</key>
			<string>sourcecode.c.objc</string>
			<key>path</key>
			<string>DevelopToolBoxUITests.m</string>
			<key>sourceTree</key>
			<string>&lt;group&gt;</string>
		</dict>
		<key>E013738D1CD06BD30052E6AA</key>
		<dict>
			<key>fileRef</key>
			<string>E013738C1CD06BD30052E6AA</string>
			<key>isa</key>
			<string>PBXBuildFile</string>
		</dict>
		<key>E013738E1CD06BD30052E6AA</key>
		<dict>
			<key>isa</key>
			<string>PBXFileReference</string>
			<key>lastKnownFileType</key>
			<string>text.plist.xml</string>
			<key>path</key>
			<string>Info.plist</string>
			<key>sourceTree</key>
			<string>&lt;group&gt;</string>
		</dict>
		<key>E013738F1CD06BD30052E6AA</key>
		<dict>
			<key>buildSettings</key>
			<dict>
				<key>ALWAYS_SEARCH_USER_PATHS</key>
				<string>NO</string>
				<key>CLANG_ANALYZER_NONNULL</key>
				<string>YES</string>
				<key>CLANG_CXX_LANGUAGE_STANDARD</key>
				<string>gnu++0x</string>
				<key>CLANG_CXX_LIBRARY</key>
				<string>libc++</string>
				<key>CLANG_ENABLE_MODULES</key>
				<string>YES</string>
				<key>CLANG_ENABLE_OBJC_ARC</key>
				<string>YES</string>
				<key>CLANG_WARN_BOOL_CONVERSION</key>
				<string>YES</string>
				<key>CLANG_WARN_CONSTANT_CONVERSION</key>
				<string>YES</string>
				<key>CLANG_WARN_DIRECT_OBJC_ISA_USAGE</key>
				<string>YES_ERROR</string>
				<key>CLANG_WARN_EMPTY_BODY</key>
				<string>YES</string>
				<key>CLANG_WARN_ENUM_CONVERSION</key>
				<string>YES</string>
				<key>CLANG_WARN_INT_CONVERSION</key>
				<string>YES</string>
				<key>CLANG_WARN_OBJC_ROOT_CLASS</key>
				<string>YES_ERROR</string>
				<key>CLANG_WARN_UNREACHABLE_CODE</key>
				<string>YES</string>
				<key>CLANG_WARN__DUPLICATE_METHOD_MATCH</key>
				<string>YES</string>
				<key>CODE_SIGN_IDENTITY[sdk=iphoneos*]</key>
				<string>iPhone Developer</string>
				<key>COPY_PHASE_STRIP</key>
				<string>NO</string>
				<key>DEBUG_INFORMATION_FORMAT</key>
				<string>dwarf</string>
				<key>ENABLE_STRICT_OBJC_MSGSEND</key>
				<string>YES</string>
				<key>ENABLE_TESTABILITY</key>
				<string>YES</string>
				<key>GCC_C_LANGUAGE_STANDARD</key>
				<string>gnu99</string>
				<key>GCC_DYNAMIC_NO_PIC</key>
				<string>NO</string>
				<key>GCC_NO_COMMON_BLOCKS</key>
				<string>YES</string>
				<key>GCC_OPTIMIZATION_LEVEL</key>
				<string>0</string>
				<key>GCC_PREPROCESSOR_DEFINITIONS</key>
				<array>
					<string>DEBUG=1</string>
					<string>$(inherited)</string>
				</array>
				<key>GCC_WARN_64_TO_32_BIT_CONVERSION</key>
				<string>YES</string>
				<key>GCC_WARN_ABOUT_RETURN_TYPE</key>
				<string>YES_ERROR</string>
				<key>GCC_WARN_UNDECLARED_SELECTOR</key>
				<string>YES</string>
				<key>GCC_WARN_UNINITIALIZED_AUTOS</key>
				<string>YES_AGGRESSIVE</string>
				<key>GCC_WARN_UNUSED_FUNCTION</key>
				<string>YES</string>
				<key>GCC_WARN_UNUSED_VARIABLE</key>
				<string>YES</string>
				<key>IPHONEOS_DEPLOYMENT_TARGET</key>
				<string>9.3</string>
				<key>MTL_ENABLE_DEBUG_INFO</key>
				<string>YES</string>
				<key>ONLY_ACTIVE_ARCH</key>
				<string>YES</string>
				<key>SDKROOT</key>
				<string>iphoneos</string>
			</dict>
			<key>isa</key>
			<string>XCBuildConfiguration</string>
			<key>name</key>
			<string>Debug</string>
		</dict>
		<key>E01373901CD06BD30052E6AA</key>
		<dict>
			<key>buildSettings</key>
			<dict>
				<key>ALWAYS_SEARCH_USER_PATHS</key>
				<string>NO</string>
				<key>CLANG_ANALYZER_NONNULL</key>
				<string>YES</string>
				<key>CLANG_CXX_LANGUAGE_STANDARD</key>
				<string>gnu++0x</string>
				<key>CLANG_CXX_LIBRARY</key>
				<string>libc++</string>
				<key>CLANG_ENABLE_MODULES</key>
				<string>YES</string>
				<key>CLANG_ENABLE_OBJC_ARC</key>
				<string>YES</string>
				<key>CLANG_WARN_BOOL_CONVERSION</key>
				<string>YES</string>
				<key>CLANG_WARN_CONSTANT_CONVERSION</key>
				<string>YES</string>
				<key>CLANG_WARN_DIRECT_OBJC_ISA_USAGE</key>
				<string>YES_ERROR</string>
				<key>CLANG_WARN_EMPTY_BODY</key>
				<string>YES</string>
				<key>CLANG_WARN_ENUM_CONVERSION</key>
				<string>YES</string>
				<key>CLANG_WARN_INT_CONVERSION</key>
				<string>YES</string>
				<key>CLANG_WARN_OBJC_ROOT_CLASS</key>
				<string>YES_ERROR</string>
				<key>CLANG_WARN_UNREACHABLE_CODE</key>
				<string>YES</string>
				<key>CLANG_WARN__DUPLICATE_METHOD_MATCH</key>
				<string>YES</string>
				<key>CODE_SIGN_IDENTITY[sdk=iphoneos*]</key>
				<string>iPhone Developer</string>
				<key>COPY_PHASE_STRIP</key>
				<string>NO</string>
				<key>DEBUG_INFORMATION_FORMAT</key>
				<string>dwarf-with-dsym</string>
				<key>ENABLE_NS_ASSERTIONS</key>
				<string>NO</string>
				<key>ENABLE_STRICT_OBJC_MSGSEND</key>
				<string>YES</string>
				<key>GCC_C_LANGUAGE_STANDARD</key>
				<string>gnu99</string>
				<key>GCC_NO_COMMON_BLOCKS</key>
				<string>YES</string>
				<key>GCC_WARN_64_TO_32_BIT_CONVERSION</key>
				<string>YES</string>
				<key>GCC_WARN_ABOUT_RETURN_TYPE</key>
				<string>YES_ERROR</string>
				<key>GCC_WARN_UNDECLARED_SELECTOR</key>
				<string>YES</string>
				<key>GCC_WARN_UNINITIALIZED_AUTOS</key>
				<string>YES_AGGRESSIVE</string>
				<key>GCC_WARN_UNUSED_FUNCTION</key>
				<string>YES</string>
				<key>GCC_WARN_UNUSED_VARIABLE</key>
				<string>YES</string>
				<key>IPHONEOS_DEPLOYMENT_TARGET</key>
				<string>9.3</string>
				<key>MTL_ENABLE_DEBUG_INFO</key>
				<string>NO</string>
				<key>SDKROOT</key>
				<string>iphoneos</string>
				<key>VALIDATE_PRODUCT</key>
				<string>YES</string>
			</dict>
			<key>isa</key>
			<string>XCBuildConfiguration</string>
			<key>name</key>
			<string>Release</string>
		</dict>
		<key>E01373911CD06BD30052E6AA</key>
		<dict>
			<key>buildConfigurations</key>
			<array>
				<string>E01373921CD06BD30052E6AA</string>
				<string>E01373931CD06BD30052E6AA</string>
			</array>
			<key>defaultConfigurationIsVisible</key>
			<string>0</string>
			<key>defaultConfigurationName</key>
			<string>Release</string>
			<key>isa</key>
			<string>XCConfigurationList</string>
		</dict>
		<key>E01373921CD06BD30052E6AA</key>
		<dict>
			<key>baseConfigurationReference</key>
			<string>9C0342208FD3E4945C5842FF</string>
			<key>buildSettings</key>
			<dict>
				<key>ASSETCATALOG_COMPILER_APPICON_NAME</key>
				<string>AppIcon</string>
				<key>INFOPLIST_FILE</key>
				<string>DevelopToolBox/Info.plist</string>
				<key>LD_RUNPATH_SEARCH_PATHS</key>
				<string>$(inherited) @executable_path/Frameworks</string>
				<key>PRODUCT_BUNDLE_IDENTIFIER</key>
				<string>com.MADAO.DevelopToolBox</string>
				<key>PRODUCT_NAME</key>
				<string>$(TARGET_NAME)</string>
			</dict>
			<key>isa</key>
			<string>XCBuildConfiguration</string>
			<key>name</key>
			<string>Debug</string>
		</dict>
		<key>E01373931CD06BD30052E6AA</key>
		<dict>
			<key>baseConfigurationReference</key>
			<string>654CA3F5FD21D8BFCB9200FE</string>
			<key>buildSettings</key>
			<dict>
				<key>ASSETCATALOG_COMPILER_APPICON_NAME</key>
				<string>AppIcon</string>
				<key>INFOPLIST_FILE</key>
				<string>DevelopToolBox/Info.plist</string>
				<key>LD_RUNPATH_SEARCH_PATHS</key>
				<string>$(inherited) @executable_path/Frameworks</string>
				<key>PRODUCT_BUNDLE_IDENTIFIER</key>
				<string>com.MADAO.DevelopToolBox</string>
				<key>PRODUCT_NAME</key>
				<string>$(TARGET_NAME)</string>
			</dict>
			<key>isa</key>
			<string>XCBuildConfiguration</string>
			<key>name</key>
			<string>Release</string>
		</dict>
		<key>E01373941CD06BD30052E6AA</key>
		<dict>
			<key>buildConfigurations</key>
			<array>
				<string>E01373951CD06BD30052E6AA</string>
				<string>E01373961CD06BD30052E6AA</string>
			</array>
			<key>defaultConfigurationIsVisible</key>
			<string>0</string>
			<key>defaultConfigurationName</key>
			<string>Release</string>
			<key>isa</key>
			<string>XCConfigurationList</string>
		</dict>
		<key>E01373951CD06BD30052E6AA</key>
		<dict>
			<key>buildSettings</key>
			<dict>
				<key>BUNDLE_LOADER</key>
				<string>$(TEST_HOST)</string>
				<key>INFOPLIST_FILE</key>
				<string>DevelopToolBoxTests/Info.plist</string>
				<key>LD_RUNPATH_SEARCH_PATHS</key>
				<string>$(inherited) @executable_path/Frameworks @loader_path/Frameworks</string>
				<key>PRODUCT_BUNDLE_IDENTIFIER</key>
				<string>com.MADAO.DevelopToolBoxTests</string>
				<key>PRODUCT_NAME</key>
				<string>$(TARGET_NAME)</string>
				<key>TEST_HOST</key>
				<string>$(BUILT_PRODUCTS_DIR)/DevelopToolBox.app/DevelopToolBox</string>
			</dict>
			<key>isa</key>
			<string>XCBuildConfiguration</string>
			<key>name</key>
			<string>Debug</string>
		</dict>
		<key>E01373961CD06BD30052E6AA</key>
		<dict>
			<key>buildSettings</key>
			<dict>
				<key>BUNDLE_LOADER</key>
				<string>$(TEST_HOST)</string>
				<key>INFOPLIST_FILE</key>
				<string>DevelopToolBoxTests/Info.plist</string>
				<key>LD_RUNPATH_SEARCH_PATHS</key>
				<string>$(inherited) @executable_path/Frameworks @loader_path/Frameworks</string>
				<key>PRODUCT_BUNDLE_IDENTIFIER</key>
				<string>com.MADAO.DevelopToolBoxTests</string>
				<key>PRODUCT_NAME</key>
				<string>$(TARGET_NAME)</string>
				<key>TEST_HOST</key>
				<string>$(BUILT_PRODUCTS_DIR)/DevelopToolBox.app/DevelopToolBox</string>
			</dict>
			<key>isa</key>
			<string>XCBuildConfiguration</string>
			<key>name</key>
			<string>Release</string>
		</dict>
		<key>E01373971CD06BD30052E6AA</key>
		<dict>
			<key>buildConfigurations</key>
			<array>
				<string>E01373981CD06BD30052E6AA</string>
				<string>E01373991CD06BD30052E6AA</string>
			</array>
			<key>defaultConfigurationIsVisible</key>
			<string>0</string>
			<key>defaultConfigurationName</key>
			<string>Release</string>
			<key>isa</key>
			<string>XCConfigurationList</string>
		</dict>
		<key>E01373981CD06BD30052E6AA</key>
		<dict>
			<key>buildSettings</key>
			<dict>
				<key>INFOPLIST_FILE</key>
				<string>DevelopToolBoxUITests/Info.plist</string>
				<key>LD_RUNPATH_SEARCH_PATHS</key>
				<string>$(inherited) @executable_path/Frameworks @loader_path/Frameworks</string>
				<key>PRODUCT_BUNDLE_IDENTIFIER</key>
				<string>com.MADAO.DevelopToolBoxUITests</string>
				<key>PRODUCT_NAME</key>
				<string>$(TARGET_NAME)</string>
				<key>TEST_TARGET_NAME</key>
				<string>DevelopToolBox</string>
			</dict>
			<key>isa</key>
			<string>XCBuildConfiguration</string>
			<key>name</key>
			<string>Debug</string>
		</dict>
		<key>E01373991CD06BD30052E6AA</key>
		<dict>
			<key>buildSettings</key>
			<dict>
				<key>INFOPLIST_FILE</key>
				<string>DevelopToolBoxUITests/Info.plist</string>
				<key>LD_RUNPATH_SEARCH_PATHS</key>
				<string>$(inherited) @executable_path/Frameworks @loader_path/Frameworks</string>
				<key>PRODUCT_BUNDLE_IDENTIFIER</key>
				<string>com.MADAO.DevelopToolBoxUITests</string>
				<key>PRODUCT_NAME</key>
				<string>$(TARGET_NAME)</string>
				<key>TEST_TARGET_NAME</key>
				<string>DevelopToolBox</string>
			</dict>
			<key>isa</key>
			<string>XCBuildConfiguration</string>
			<key>name</key>
			<string>Release</string>
		</dict>
		<key>E013739A1CD06BFF0052E6AA</key>
		<dict>
			<key>fileEncoding</key>
			<string>4</string>
			<key>isa</key>
			<string>PBXFileReference</string>
			<key>lastKnownFileType</key>
			<string>sourcecode.c.h</string>
			<key>path</key>
			<string>PostViewController.h</string>
			<key>sourceTree</key>
			<string>&lt;group&gt;</string>
		</dict>
		<key>E013739B1CD06BFF0052E6AA</key>
		<dict>
			<key>fileEncoding</key>
			<string>4</string>
			<key>isa</key>
			<string>PBXFileReference</string>
			<key>lastKnownFileType</key>
			<string>sourcecode.c.objc</string>
			<key>path</key>
			<string>PostViewController.m</string>
			<key>sourceTree</key>
			<string>&lt;group&gt;</string>
		</dict>
		<key>E013739C1CD06BFF0052E6AA</key>
		<dict>
			<key>fileRef</key>
			<string>E013739B1CD06BFF0052E6AA</string>
			<key>isa</key>
			<string>PBXBuildFile</string>
		</dict>
		<key>E013739D1CD06C0C0052E6AA</key>
		<dict>
			<key>fileEncoding</key>
			<string>4</string>
			<key>isa</key>
			<string>PBXFileReference</string>
			<key>lastKnownFileType</key>
			<string>sourcecode.c.h</string>
			<key>path</key>
			<string>FontViewController.h</string>
			<key>sourceTree</key>
			<string>&lt;group&gt;</string>
		</dict>
		<key>E013739E1CD06C0C0052E6AA</key>
		<dict>
			<key>fileEncoding</key>
			<string>4</string>
			<key>isa</key>
			<string>PBXFileReference</string>
			<key>lastKnownFileType</key>
			<string>sourcecode.c.objc</string>
			<key>path</key>
			<string>FontViewController.m</string>
			<key>sourceTree</key>
			<string>&lt;group&gt;</string>
		</dict>
		<key>E013739F1CD06C0C0052E6AA</key>
		<dict>
			<key>fileRef</key>
			<string>E013739E1CD06C0C0052E6AA</string>
			<key>isa</key>
			<string>PBXBuildFile</string>
		</dict>
		<key>E01373A01CD06C150052E6AA</key>
		<dict>
			<key>children</key>
			<array>
				<string>E013739A1CD06BFF0052E6AA</string>
				<string>E013739B1CD06BFF0052E6AA</string>
				<string>E013739D1CD06C0C0052E6AA</string>
				<string>E013739E1CD06C0C0052E6AA</string>
			</array>
			<key>isa</key>
			<string>PBXGroup</string>
			<key>name</key>
			<string>MainToolControllers</string>
			<key>sourceTree</key>
			<string>&lt;group&gt;</string>
		</dict>
		<key>E01373A11CD06C3B0052E6AA</key>
		<dict>
			<key>fileEncoding</key>
			<string>4</string>
			<key>isa</key>
			<string>PBXFileReference</string>
			<key>lastKnownFileType</key>
			<string>sourcecode.c.h</string>
			<key>path</key>
			<string>FHSideMenuController.h</string>
			<key>sourceTree</key>
			<string>&lt;group&gt;</string>
		</dict>
		<key>E01373A21CD06C3B0052E6AA</key>
		<dict>
			<key>fileEncoding</key>
			<string>4</string>
			<key>isa</key>
			<string>PBXFileReference</string>
			<key>lastKnownFileType</key>
			<string>sourcecode.c.objc</string>
			<key>path</key>
			<string>FHSideMenuController.m</string>
			<key>sourceTree</key>
			<string>&lt;group&gt;</string>
		</dict>
		<key>E01373A31CD06C3B0052E6AA</key>
		<dict>
			<key>fileRef</key>
			<string>E01373A21CD06C3B0052E6AA</string>
			<key>isa</key>
			<string>PBXBuildFile</string>
		</dict>
		<key>E01373A61CD06C540052E6AA</key>
		<dict>
			<key>children</key>
			<array>
				<string>E01373A11CD06C3B0052E6AA</string>
				<string>E01373A21CD06C3B0052E6AA</string>
				<string>E01373A71CD06C6D0052E6AA</string>
			</array>
			<key>isa</key>
			<string>PBXGroup</string>
			<key>name</key>
			<string>SideMenuController</string>
			<key>sourceTree</key>
			<string>&lt;group&gt;</string>
		</dict>
		<key>E01373A71CD06C6D0052E6AA</key>
		<dict>
			<key>children</key>
			<array>
				<string>E01373AF1CD0934B0052E6AA</string>
				<string>E01373B01CD0934B0052E6AA</string>
			</array>
			<key>isa</key>
			<string>PBXGroup</string>
			<key>name</key>
			<string>FHClearMenuController</string>
			<key>sourceTree</key>
			<string>&lt;group&gt;</string>
		</dict>
		<key>E01373AE1CD08C6B0052E6AA</key>
		<dict>
			<key>children</key>
			<array>
				<string>E052DC081CD8856300C8C175</string>
				<string>E052DC091CD8856300C8C175</string>
				<string>E01373B21CD0C3320052E6AA</string>
				<string>E01373B31CD0C3320052E6AA</string>
			</array>
			<key>isa</key>
			<string>PBXGroup</string>
			<key>name</key>
			<string>Tool</string>
			<key>sourceTree</key>
			<string>&lt;group&gt;</string>
		</dict>
		<key>E01373AF1CD0934B0052E6AA</key>
		<dict>
			<key>fileEncoding</key>
			<string>4</string>
			<key>isa</key>
			<string>PBXFileReference</string>
			<key>lastKnownFileType</key>
			<string>sourcecode.c.h</string>
			<key>path</key>
			<string>FHClearMenuController.h</string>
			<key>sourceTree</key>
			<string>&lt;group&gt;</string>
		</dict>
		<key>E01373B01CD0934B0052E6AA</key>
		<dict>
			<key>fileEncoding</key>
			<string>4</string>
			<key>isa</key>
			<string>PBXFileReference</string>
			<key>lastKnownFileType</key>
			<string>sourcecode.c.objc</string>
			<key>path</key>
			<string>FHClearMenuController.m</string>
			<key>sourceTree</key>
			<string>&lt;group&gt;</string>
		</dict>
		<key>E01373B11CD0934B0052E6AA</key>
		<dict>
			<key>fileRef</key>
			<string>E01373B01CD0934B0052E6AA</string>
			<key>isa</key>
			<string>PBXBuildFile</string>
		</dict>
		<key>E01373B21CD0C3320052E6AA</key>
		<dict>
			<key>fileEncoding</key>
			<string>4</string>
			<key>isa</key>
			<string>PBXFileReference</string>
			<key>lastKnownFileType</key>
			<string>sourcecode.c.h</string>
			<key>path</key>
			<string>UIView+Frame.h</string>
			<key>sourceTree</key>
			<string>&lt;group&gt;</string>
		</dict>
		<key>E01373B31CD0C3320052E6AA</key>
		<dict>
			<key>fileEncoding</key>
			<string>4</string>
			<key>isa</key>
			<string>PBXFileReference</string>
			<key>lastKnownFileType</key>
			<string>sourcecode.c.objc</string>
			<key>path</key>
			<string>UIView+Frame.m</string>
			<key>sourceTree</key>
			<string>&lt;group&gt;</string>
		</dict>
		<key>E01373B41CD0C3320052E6AA</key>
		<dict>
			<key>fileRef</key>
			<string>E01373B31CD0C3320052E6AA</string>
			<key>isa</key>
			<string>PBXBuildFile</string>
		</dict>
		<key>E052DC081CD8856300C8C175</key>
		<dict>
			<key>fileEncoding</key>
			<string>4</string>
			<key>isa</key>
			<string>PBXFileReference</string>
			<key>lastKnownFileType</key>
			<string>sourcecode.c.h</string>
			<key>path</key>
			<string>FHTool.h</string>
			<key>sourceTree</key>
			<string>&lt;group&gt;</string>
		</dict>
		<key>E052DC091CD8856300C8C175</key>
		<dict>
			<key>fileEncoding</key>
			<string>4</string>
			<key>isa</key>
			<string>PBXFileReference</string>
			<key>lastKnownFileType</key>
			<string>sourcecode.c.objc</string>
			<key>path</key>
			<string>FHTool.m</string>
			<key>sourceTree</key>
			<string>&lt;group&gt;</string>
		</dict>
		<key>E052DC0A1CD8856300C8C175</key>
		<dict>
			<key>fileRef</key>
			<string>E052DC091CD8856300C8C175</string>
			<key>isa</key>
			<string>PBXBuildFile</string>
		</dict>
		<key>EE00CDA4ACFB5E660FB1F0E8</key>
		<dict>
			<key>explicitFileType</key>
			<string>archive.ar</string>
			<key>includeInIndex</key>
			<string>0</string>
			<key>isa</key>
			<string>PBXFileReference</string>
			<key>path</key>
			<string>libPods.a</string>
			<key>sourceTree</key>
			<string>BUILT_PRODUCTS_DIR</string>
		</dict>
	</dict>
	<key>rootObject</key>
	<string>E01373591CD06BD30052E6AA</string>
</dict>
</plist>
